
Microsoft Visual Studio Solution File, Format Version 12.00
# Visual Studio 15
VisualStudioVersion = 15.0.28307.1062
MinimumVisualStudioVersion = 10.0.40219.1
Project("{FAE04EC0-301F-11D3-BF4B-00C04F79EFBC}") = "XD合并导出图", "XD合并导出图\XD合并导出图.csproj", "{FB8FB1BD-F203-4BE1-A24C-2008AA7F31DD}"
EndProject
Global
	GlobalSection(SolutionConfigurationPlatforms) = preSolution
		Debug|Any CPU = Debug|Any CPU
		Release|Any CPU = Release|Any CPU
	EndGlobalSection
	GlobalSection(ProjectConfigurationPlatforms) = postSolution
		{FB8FB1BD-F203-4BE1-A24C-2008AA7F31DD}.Debug|Any CPU.ActiveCfg = Debug|Any CPU
		{FB8FB1BD-F203-4BE1-A24C-2008AA7F31DD}.Debug|Any CPU.Build.0 = Debug|Any CPU
		{FB8FB1BD-F203-4BE1-A24C-2008AA7F31DD}.Release|Any CPU.ActiveCfg = Release|Any CPU
		{FB8FB1BD-F203-4BE1-A24C-2008AA7F31DD}.Release|Any CPU.Build.0 = Release|Any CPU
	EndGlobalSection
	GlobalSection(SolutionProperties) = preSolution
		HideSolutionNode = FALSE
	EndGlobalSection
	GlobalSection(ExtensibilityGlobals) = postSolution
		SolutionGuid = {94025A85-F432-4F90-A48B-1063A200A96A}
	EndGlobalSection
EndGlobal
